
Microsoft Visual Studio Solution File, Format Version 12.00
# Visual Studio Version 16
VisualStudioVersion = 16.0.31321.278
MinimumVisualStudioVersion = 10.0.40219.1
Project("{9A19103F-16F7-4668-BE54-9A1E7A4F7556}") = "IntegradorSV", "IntegradorSV\IntegradorSV.csproj", "{D951EC6F-5449-4FCE-A176-4255AF60E49F}"
EndProject
Project("{FAE04EC0-301F-11D3-BF4B-00C04F79EFBC}") = "IntegradorSVTeste", "IntegradorSVTeste\IntegradorSVTeste.csproj", "{958E52C7-054C-4144-BBA8-930F2A1CCAAB}"
EndProject
Global
	GlobalSection(SolutionConfigurationPlatforms) = preSolution
		Debug|Any CPU = Debug|Any CPU
		Release|Any CPU = Release|Any CPU
	EndGlobalSection
	GlobalSection(ProjectConfigurationPlatforms) = postSolution
		{D951EC6F-5449-4FCE-A176-4255AF60E49F}.Debug|Any CPU.ActiveCfg = Debug|Any CPU
		{D951EC6F-5449-4FCE-A176-4255AF60E49F}.Debug|Any CPU.Build.0 = Debug|Any CPU
		{D951EC6F-5449-4FCE-A176-4255AF60E49F}.Release|Any CPU.ActiveCfg = Release|Any CPU
		{D951EC6F-5449-4FCE-A176-4255AF60E49F}.Release|Any CPU.Build.0 = Release|Any CPU
		{958E52C7-054C-4144-BBA8-930F2A1CCAAB}.Debug|Any CPU.ActiveCfg = Debug|Any CPU
		{958E52C7-054C-4144-BBA8-930F2A1CCAAB}.Debug|Any CPU.Build.0 = Debug|Any CPU
		{958E52C7-054C-4144-BBA8-930F2A1CCAAB}.Release|Any CPU.ActiveCfg = Release|Any CPU
		{958E52C7-054C-4144-BBA8-930F2A1CCAAB}.Release|Any CPU.Build.0 = Release|Any CPU
	EndGlobalSection
	GlobalSection(SolutionProperties) = preSolution
		HideSolutionNode = FALSE
	EndGlobalSection
	GlobalSection(ExtensibilityGlobals) = postSolution
		SolutionGuid = {ED47FE6E-BE19-4804-8D0E-BDBA45732EC4}
	EndGlobalSection
EndGlobal
